github.com/BurntSushi/xgb v0.0.0-20160522181843-27f122750802/go.mod h1:IVnqGOEym/WlBOVXweHU+Q+/VP0lqqI8lqeDx9IjBqo=
github.com/asters1/tools v0.1.5 h1:fFwRfAsNmcSnesQRdBUvQWaal9PAnqttvewLKgHY1L0=
github.com/asters1/tools v0.1.5/go.mod h1:ZRDA5r2/iosXc0r+5o5BAt+zrTTP6lMltD/6yHBF2Wo=
github.com/creack/pty v1.1.9/go.mod h1:oKZEueFk5CKHvIhNR5MUki03XCEU+Q6VDXinZuGJ33E=
github.com/davecgh/go-spew v1.1.0/go.mod h1:J7Y8YcW2NihsgmVo/mv3lAwl/skON4iLHjSsI+c5H38=
github.com/davecgh/go-spew v1.1.1 h1:vj9j/u1bqnvCEfJOwUhtlOARqs3+rkHYY13jYWTU97c=
github.com/davecgh/go-spew v1.1.1/go.mod h1:J7Y8YcW2NihsgmVo/mv3lAwl/skON4iLHjSsI+c5H38=
github.com/gorilla/websocket v1.5.0 h1:PPwGk2jz7EePpoHN/+ClbZu8SPxiqlu12wZP/3sWmnc=
github.com/gorilla/websocket v1.5.0/go.mod h1:YR8l580nyteQvAITg2hZ9XVh4b55+EU/adAjf1fMHhE=
github.com/jing332/tts-server-go v0.0.0-20220916084002-6a747e14f7da h1:YlCZuaL345zxCTPJVcwuv2sXzR9dQ+8BefrG224kGPM=
github.com/jing332/tts-server-go v0.0.0-20220916084002-6a747e14f7da/go.mod h1:B2ikO+JeOHCAaW0n7/PFYQVxmFvJ+T9LcCFjxU/xIAY=
github.com/jing332/tts-server-go v0.0.0-20220917000728-29314563a5de h1:6rL1+qw6O+8us2q50hiPy52qQu4dHPOmLX4C3/DTtMc=
github.com/jing332/tts-server-go v0.0.0-20220917000728-29314563a5de/go.mod h1:B2ikO+JeOHCAaW0n7/PFYQVxmFvJ+T9LcCFjxU/xIAY=
github.com/jing332/tts-server-go v0.0.0-20220917072649-cdaa54a01cec h1:wG1ivYnUy/9W+/TMBcrwI7XLHpjwCMwqW+xa6qm5mjo=
github.com/jing332/tts-server-go v0.0.0-20220917072649-cdaa54a01cec/go.mod h1:B2ikO+JeOHCAaW0n7/PFYQVxmFvJ+T9LcCFjxU/xIAY=
github.com/jing332/tts-server-go v0.0.0-20220917133928-27aa6d0cf2c0 h1:+8OkfTps50sue4XVlnOpbCa8xRcZSvdOUSMM2/DGrck=
github.com/jing332/tts-server-go v0.0.0-20220917133928-27aa6d0cf2c0/go.mod h1:B2ikO+JeOHCAaW0n7/PFYQVxmFvJ+T9LcCFjxU/xIAY=
github.com/jing332/tts-server-go v0.0.0-20220918000053-2cdc48e2d77f h1:7R2UowO9lmXJ/2hPYlQanQ2n2vyPM0XOQqhnVkIgUV8=
github.com/jing332/tts-server-go v0.0.0-20220918000053-2cdc48e2d77f/go.mod h1:B2ikO+JeOHCAaW0n7/PFYQVxmFvJ+T9LcCFjxU/xIAY=
github.com/jing332/tts-server-go v0.0.0-20220918132048-66f9ece7f0d5 h1:hXn94KfPQlNTc86oW6tpCTj+0bgpKzakUNg/PuDVMug=
github.com/jing332/tts-server-go v0.0.0-20220918132048-66f9ece7f0d5/go.mod h1:B2ikO+JeOHCAaW0n7/PFYQVxmFvJ+T9LcCFjxU/xIAY=
github.com/jing332/tts-server-go v0.0.0-20220918135549-3bc41a54b7cf h1:cy7iqVRsLoMsQN7PXmxYeJ7PU3q0CAdxPq7cDuxQpiM=
github.com/jing332/tts-server-go v0.0.0-20220918135549-3bc41a54b7cf/go.mod h1:B2ikO+JeOHCAaW0n7/PFYQVxmFvJ+T9LcCFjxU/xIAY=
github.com/jing332/tts-server-go v0.0.0-20220921011600-f6380a2e298c h1:DIi9wNP3Edu/pVi/gxFKMwWFe7aiujkuCPYKjD0qRnM=
github.com/jing332/tts-server-go v0.0.0-20220921011600-f6380a2e298c/go.mod h1:B2ikO+JeOHCAaW0n7/PFYQVxmFvJ+T9LcCFjxU/xIAY=
github.com/jing332/tts-server-go v0.0.0-20220921071507-70b1785f7e0c h1:PAC5/rS98KjlkM7VrgpL59llow6zRO2mR2JGmmPFpoU=
github.com/jing332/tts-server-go v0.0.0-20220921071507-70b1785f7e0c/go.mod h1:B2ikO+JeOHCAaW0n7/PFYQVxmFvJ+T9LcCFjxU/xIAY=
github.com/jing332/tts-server-go v0.0.0-20220921131339-be1e479486d1 h1:7+hA+qiSolNaEDYS6aRCAToF739tlIkIKRpzr1Oje7Q=
github.com/jing332/tts-server-go v0.0.0-20220921131339-be1e479486d1/go.mod h1:B2ikO+JeOHCAaW0n7/PFYQVxmFvJ+T9LcCFjxU/xIAY=
github.com/jing332/tts-server-go v0.0.0-20220925131335-b270af130ef4 h1:3eeMpOmIJ9gMkaTtO22MfkSEyg+3V8vv+gMQr2APmUA=
github.com/jing332/tts-server-go v0.0.0-20220925131335-b270af130ef4/go.mod h1:B2ikO+JeOHCAaW0n7/PFYQVxmFvJ+T9LcCFjxU/xIAY=
github.com/jing332/tts-server-go v0.0.0-20221005114501-1cd455a04a95 h1:G9JS6F84gk2A5/dFU/GIegzsLS4W5GdZzvIEj3v5lGo=
github.com/jing332/tts-server-go v0.0.0-20221005114501-1cd455a04a95/go.mod h1:B2ikO+JeOHCAaW0n7/PFYQVxmFvJ+T9LcCFjxU/xIAY=
github.com/jing332/tts-server-go v0.0.0-20221007123929-a9b01fdcd5d5 h1:SIQ2R8zpGcja6+6UjvmacTVtnCnUkZgAtAQ/th+VsKY=
github.com/jing332/tts-server-go v0.0.0-20221007123929-a9b01fdcd5d5/go.mod h1:B2ikO+JeOHCAaW0n7/PFYQVxmFvJ+T9LcCFjxU/xIAY=
github.com/jing332/tts-server-go v0.0.0-20221008125833-7c2c892b99fd h1:GG4XpASgsLo4DTQ9fKT1JU2j+Wde+ilo8npMT8NwLlI=
github.com/jing332/tts-server-go v0.0.0-20221008125833-7c2c892b99fd/go.mod h1:B2ikO+JeOHCAaW0n7/PFYQVxmFvJ+T9LcCFjxU/xIAY=
github.com/jing332/tts-server-go v0.0.0-20221009123119-5eb65ebb3de1 h1:DltRVESq44FmCRoHbHOiaWy2Fs/Urm3BmYjDNf+FH/Y=
github.com/jing332/tts-server-go v0.0.0-20221009123119-5eb65ebb3de1/go.mod h1:B2ikO+JeOHCAaW0n7/PFYQVxmFvJ+T9LcCFjxU/xIAY=
github.com/jing332/tts-server-go v0.0.0-20221015062738-b8986a7eaa36 h1:Tb9t+HTITqBhyM6E1m/JD0o2Bx5kkulfB6+olWd9Wh8=
github.com/jing332/tts-server-go v0.0.0-20221015062738-b8986a7eaa36/go.mod h1:B2ikO+JeOHCAaW0n7/PFYQVxmFvJ+T9LcCFjxU/xIAY=
github.com/jing332/tts-server-go v0.0.0-20221015121004-776c53d4d47a h1:O5pT2emZJFnjWj82+uJGj7Oqh5/hUYMuvhrQS38WLC4=
github.com/jing332/tts-server-go v0.0.0-20221015121004-776c53d4d47a/go.mod h1:B2ikO+JeOHCAaW0n7/PFYQVxmFvJ+T9LcCFjxU/xIAY=
github.com/jing332/tts-server-go v0.0.0-20221021003948-f73da75b20d4 h1:7RpVgD1fB9goMAQEImLPEwu8BCgOV4QieMd0kz/YVMM=
github.com/jing332/tts-server-go v0.0.0-20221021003948-f73da75b20d4/go.mod h1:B2ikO+JeOHCAaW0n7/PFYQVxmFvJ+T9LcCFjxU/xIAY=
github.com/jing332/tts-server-go v0.0.0-20221023112709-3528730c8d79 h1:4/upgypmZtUFMY1cjXVWYmxGC1xsAPtHB0SIe9keAko=
github.com/jing332/tts-server-go v0.0.0-20221023112709-3528730c8d79/go.mod h1:B2ikO+JeOHCAaW0n7/PFYQVxmFvJ+T9LcCFjxU/xIAY=
github.com/jing332/tts-server-go v0.0.0-20221026062818-54cd170281a6 h1:yfMkgZqo+Hrdrh83Ms0f224dR8tbWzZq/9cup3uvfSM=
github.com/jing332/tts-server-go v0.0.0-20221026062818-54cd170281a6/go.mod h1:B2ikO+JeOHCAaW0n7/PFYQVxmFvJ+T9LcCFjxU/xIAY=
github.com/jing332/tts-server-go v0.0.0-20221026112405-30a7c9ecd91b h1:Vnrv3uxjHJ+zAQUtWOKfmsu8bmYxlG/PxZ0+QMroz0U=
github.com/jing332/tts-server-go v0.0.0-20221026112405-30a7c9ecd91b/go.mod h1:B2ikO+JeOHCAaW0n7/PFYQVxmFvJ+T9LcCFjxU/xIAY=
github.com/jing332/tts-server-go v0.0.0-20221027043911-48af28adc973 h1:cEVzZuW8lU9ZaMHW3u8HEwoVAHt/yiwKK+GCXXb4pTc=
github.com/jing332/tts-server-go v0.0.0-20221027043911-48af28adc973/go.mod h1:B2ikO+JeOHCAaW0n7/PFYQVxmFvJ+T9LcCFjxU/xIAY=
github.com/jing332/tts-server-go v0.0.0-20221027124326-bbc6aedf6d73 h1:LpvUljLZm9Ib1S0cNTFxvKH0f1a+acPsRNEtBjWlG4I=
github.com/jing332/tts-server-go v0.0.0-20221027124326-bbc6aedf6d73/go.mod h1:B2ikO+JeOHCAaW0n7/PFYQVxmFvJ+T9LcCFjxU/xIAY=
github.com/jing332/tts-server-go v0.0.0-20221028023258-ce1b6ec7e2e9 h1:Ge0IM16o2XtqIaUcrcgHOpzMkc8PAwddwV4EBYbNup0=
github.com/jing332/tts-server-go v0.0.0-20221028023258-ce1b6ec7e2e9/go.mod h1:B2ikO+JeOHCAaW0n7/PFYQVxmFvJ+T9LcCFjxU/xIAY=
github.com/jing332/tts-server-go v0.0.0-20221028064622-75e1e57c23f7 h1:CxbVXYq9xAn001I/G3/hQukTOMdOq0Uv3ntODtrU9kc=
github.com/jing332/tts-server-go v0.0.0-20221028064622-75e1e57c23f7/go.mod h1:B2ikO+JeOHCAaW0n7/PFYQVxmFvJ+T9LcCFjxU/xIAY=
github.com/jing332/tts-server-go v0.0.0-20221028070755-7b07dbb69123 h1:jHzZ6n6y94RFwfAFX6FIjs5ow+MJdP9GC4pFoy0mVFQ=
github.com/jing332/tts-server-go v0.0.0-20221028070755-7b07dbb69123/go.mod h1:B2ikO+JeOHCAaW0n7/PFYQVxmFvJ+T9LcCFjxU/xIAY=
github.com/jing332/tts-server-go v0.0.0-20221028120752-6f1f8f93852f h1:Pni5lTkEwc0IeOcgBHXRWomToYJoYQQRDl2U6mEM9jI=
github.com/jing332/tts-server-go v0.0.0-20221028120752-6f1f8f93852f/go.mod h1:B2ikO+JeOHCAaW0n7/PFYQVxmFvJ+T9LcCFjxU/xIAY=
github.com/jing332/tts-server-go v0.0.0-20221031083858-0974fa1a9869 h1:XE/2PqCQmQUSymNZNDDb5vXvYfHByEnClI+QOwxfeK4=
github.com/jing332/tts-server-go v0.0.0-20221031083858-0974fa1a9869/go.mod h1:B2ikO+JeOHCAaW0n7/PFYQVxmFvJ+T9LcCFjxU/xIAY=
github.com/jing332/tts-server-go v0.0.0-20221101012230-22c16cdf4cfb h1:RZp54qqQOjcolCcUgyQAv7UIW/HhutxoaHc9mGMZnCk=
github.com/jing332/tts-server-go v0.0.0-20221101012230-22c16cdf4cfb/go.mod h1:B2ikO+JeOHCAaW0n7/PFYQVxmFvJ+T9LcCFjxU/xIAY=
github.com/jing332/tts-server-go v0.0.0-20221101021916-bade3ccf8aea h1:fQEtgYdpmQkemWhW8C8tB4Bz0z2PWsDgu/QTA3F+Y5c=
github.com/jing332/tts-server-go v0.0.0-20221101021916-bade3ccf8aea/go.mod h1:B2ikO+JeOHCAaW0n7/PFYQVxmFvJ+T9LcCFjxU/xIAY=
github.com/jing332/tts-server-go v0.0.0-20221101022628-db027f636a1a h1:gzMO9rhowsTPkBIFfjdcq3V3mLnYIQra12oNzW5xtN4=
github.com/jing332/tts-server-go v0.0.0-20221101022628-db027f636a1a/go.mod h1:B2ikO+JeOHCAaW0n7/PFYQVxmFvJ+T9LcCFjxU/xIAY=
github.com/jing332/tts-server-go v0.0.0-20221101062931-14c42d39fd4c h1:GwFUDLd9ZDrzG28BVgsPPF6FENdPXz7lpQ6l64vYeKU=
github.com/jing332/tts-server-go v0.0.0-20221101062931-14c42d39fd4c/go.mod h1:B2ikO+JeOHCAaW0n7/PFYQVxmFvJ+T9LcCFjxU/xIAY=
github.com/jing332/tts-server-go v0.0.0-20221101080607-b62de35cc46a h1:FoyyAgymPIkUT2b2Uzq/zBauuQXNqAAMztvEI7Mpy2I=
github.com/jing332/tts-server-go v0.0.0-20221101080607-b62de35cc46a/go.mod h1:B2ikO+JeOHCAaW0n7/PFYQVxmFvJ+T9LcCFjxU/xIAY=
github.com/jing332/tts-server-go v0.0.0-20221102113854-20efe1bf817a h1:67i/gf0JZI38OiEbHhdp8ouELnnPjTOPm9D3Hc2HsEI=
github.com/jing332/tts-server-go v0.0.0-20221102113854-20efe1bf817a/go.mod h1:B2ikO+JeOHCAaW0n7/PFYQVxmFvJ+T9LcCFjxU/xIAY=
github.com/jing332/tts-server-go v0.0.0-20221105134501-d25c3c361dc1 h1:KkNrTR7QVLzM1vL36UFaQ8SZZdqhmLTnNNiF30YPrKc=
github.com/jing332/tts-server-go v0.0.0-20221105134501-d25c3c361dc1/go.mod h1:B2ikO+JeOHCAaW0n7/PFYQVxmFvJ+T9LcCFjxU/xIAY=
github.com/jing332/tts-server-go v0.0.0-20221107004712-bb95e155d4a7 h1:JzdtAjdLQu5DYKeIH8qmTHryr1t6QT48NsILvXG02Mc=
github.com/jing332/tts-server-go v0.0.0-20221107004712-bb95e155d4a7/go.mod h1:B2ikO+JeOHCAaW0n7/PFYQVxmFvJ+T9LcCFjxU/xIAY=
github.com/jing332/tts-server-go v0.0.0-20221107083047-5cff72677af4 h1:BpAidvrwfxIjOc1a9NmfqhYpYIrR3ZhPJKEqmlj6KHs=
github.com/jing332/tts-server-go v0.0.0-20221107083047-5cff72677af4/go.mod h1:B2ikO+JeOHCAaW0n7/PFYQVxmFvJ+T9LcCFjxU/xIAY=
github.com/jing332/tts-server-go v0.0.0-20221109081853-03f26d1c245b h1:Ty5KGsWMaDysiFaIXHztbQT0UrhWg9lnzy7iIGOQxDI=
github.com/jing332/tts-server-go v0.0.0-20221109081853-03f26d1c245b/go.mod h1:B2ikO+JeOHCAaW0n7/PFYQVxmFvJ+T9LcCFjxU/xIAY=
github.com/jing332/tts-server-go v0.0.0-20221110071717-ab1896263011 h1:zQT6mWgf0od2wLEDOiiJ1JOjm2rTRHL5fnnqI3ItOA0=
github.com/jing332/tts-server-go v0.0.0-20221110071717-ab1896263011/go.mod h1:B2ikO+JeOHCAaW0n7/PFYQVxmFvJ+T9LcCFjxU/xIAY=
github.com/jing332/tts-server-go v0.0.0-20221112064702-2b89ebe71b9a h1:WS5II8E/Xo3JMvb8/IxW0l5ZUh114YHkXUrGYzkwCok=
github.com/jing332/tts-server-go v0.0.0-20221112064702-2b89ebe71b9a/go.mod h1:B2ikO+JeOHCAaW0n7/PFYQVxmFvJ+T9LcCFjxU/xIAY=
github.com/jing332/tts-server-go v0.0.0-20221113023517-ad9788f4987a h1:jAC6YCvuewfPzPl0JjJ2QjhsjeWmsqp1D9JWpa58nk8=
github.com/jing332/tts-server-go v0.0.0-20221113023517-ad9788f4987a/go.mod h1:B2ikO+JeOHCAaW0n7/PFYQVxmFvJ+T9LcCFjxU/xIAY=
github.com/jing332/tts-server-go v0.0.0-20221113030248-7efc9bde1720 h1:HIBx9kUE7LxnsWdRSNrUtnv23wRxC3yqlQ55ROhW0ME=
github.com/jing332/tts-server-go v0.0.0-20221113030248-7efc9bde1720/go.mod h1:B2ikO+JeOHCAaW0n7/PFYQVxmFvJ+T9LcCFjxU/xIAY=
github.com/jing332/tts-server-go v0.0.0-20221113075744-e143f4eb3912 h1:uRELmVhDMpZqI8aOJzlm/banq1XW0aS/uLC0ljWKkic=
github.com/jing332/tts-server-go v0.0.0-20221113075744-e143f4eb3912/go.mod h1:B2ikO+JeOHCAaW0n7/PFYQVxmFvJ+T9LcCFjxU/xIAY=
github.com/jing332/tts-server-go v0.0.0-20221116015816-7e41b7993bc9 h1:ZSVYHOD4Wzr65galIVaIVtHKcEUsJ/i31RxhCmYyJto=
github.com/jing332/tts-server-go v0.0.0-20221116015816-7e41b7993bc9/go.mod h1:B2ikO+JeOHCAaW0n7/PFYQVxmFvJ+T9LcCFjxU/xIAY=
github.com/jing332/tts-server-go v0.0.0-20221204093240-65ca3a8c701c h1:1Sa6ldDaXsM3TwFFMPG+vtkzdwFBWj+Nmw7AWbWkpa4=
github.com/jing332/tts-server-go v0.0.0-20221204093240-65ca3a8c701c/go.mod h1:B2ikO+JeOHCAaW0n7/PFYQVxmFvJ+T9LcCFjxU/xIAY=
github.com/jing332/tts-server-go v0.0.0-20221212065233-529b8c8a7484 h1:gl2hlv64RcRlf0Fe4eExTK7p6tVX34T0ZKvDuCnCuNY=
github.com/jing332/tts-server-go v0.0.0-20221212065233-529b8c8a7484/go.mod h1:B2ikO+JeOHCAaW0n7/PFYQVxmFvJ+T9LcCFjxU/xIAY=
github.com/jing332/tts-server-go v0.0.0-20221212070613-ad257a8c9cba h1:vRGlkW9RxM6KDgq+9JDA5i6eijRwE8duz1glst7A++w=
github.com/jing332/tts-server-go v0.0.0-20221212070613-ad257a8c9cba/go.mod h1:B2ikO+JeOHCAaW0n7/PFYQVxmFvJ+T9LcCFjxU/xIAY=
github.com/jing332/tts-server-go v0.0.0-20230130014032-67a6554faf09 h1:ILnNZPsordUz/SBns6p4Px73IVCE862d8ZNcZNv4D9k=
github.com/jing332/tts-server-go v0.0.0-20230130014032-67a6554faf09/go.mod h1:8+HxlMFDkiMtr0GIuhQYwHxfV0PasgZYccyKbkYhWA4=
github.com/jing332/tts-server-go v0.0.0-20230130020836-aed022548060 h1:c3RfMfcOI8D7YvX1MRWovSkIKlaChVgVhnG3agbA6fw=
github.com/jing332/tts-server-go v0.0.0-20230130020836-aed022548060/go.mod h1:8+HxlMFDkiMtr0GIuhQYwHxfV0PasgZYccyKbkYhWA4=
github.com/kr/pretty v0.1.0/go.mod h1:dAy3ld7l9f0ibDNOQOHHMYYIIbhfbHSm3C4ZsoJORNo=
github.com/kr/pretty v0.3.0 h1:WgNl7dwNpEZ6jJ9k1snq4pZsg7DOEN8hP9Xw0Tsjwk0=
github.com/kr/pretty v0.3.0/go.mod h1:640gp4NfQd8pI5XOwp5fnNeVWj67G7CFk/SaSQn7NBk=
github.com/kr/pty v1.1.1/go.mod h1:pFQYn66WHrOpPYNljwOMqo10TkYh1fy3cYio2l3bCsQ=
github.com/kr/text v0.1.0/go.mod h1:4Jbv+DJW3UT/LiOwJeYQe1efqtUx/iVham/4vfdArNI=
github.com/kr/text v0.2.0 h1:5Nx0Ya0ZqY2ygV366QzturHI13Jq95ApcVaJBhpS+AY=
github.com/kr/text v0.2.0/go.mod h1:eLer722TekiGuMkidMxC/pM04lWEeraHUUmBw8l2grE=
github.com/pmezard/go-difflib v1.0.0 h1:4DBwDE0NGyQoBHbLQYPwSUPoCMWR5BEzIk/f1lZbAQM=
github.com/pmezard/go-difflib v1.0.0/go.mod h1:iKH77koFhYxTK1pcRnkKkqfTogsbg7gZNVY4sRDYZ/4=
github.com/rogpeppe/go-internal v1.6.1 h1:/FiVV8dS/e+YqF2JvO3yXRFbBLTIuSDkuC7aBOAvL+k=
github.com/rogpeppe/go-internal v1.6.1/go.mod h1:xXDCJY+GAPziupqXw64V24skbSoqbTEfhy4qGm1nDQc=
github.com/satori/go.uuid v1.2.0 h1:0uYX9dsZ2yD7q2RtLRtPSdGDWzjeM3TbMJP9utgA0ww=
github.com/satori/go.uuid v1.2.0/go.mod h1:dA0hQrYB0VpLJoorglMZABFdXlWrHn1NEOzdhQKdks0=
github.com/sirupsen/logrus v1.9.0 h1:trlNQbNUG3OdDrDil03MCb1H2o9nJ1x4/5LYw7byDE0=
github.com/sirupsen/logrus v1.9.0/go.mod h1:naHLuLoDiP4jHNo9R0sCBMtWGeIprob74mVsIT4qYEQ=
github.com/stretchr/objx v0.1.0/go.mod h1:HFkY916IF+rwdDfMAkV7OtwuqBVzrE8GR6GFx+wExME=
github.com/stretchr/testify v1.7.0 h1:nwc3DEeHmmLAfoZucVR881uASk0Mfjw8xYJ99tb5CcY=
github.com/stretchr/testify v1.7.0/go.mod h1:6Fq8oRcR53rry900zMqJjRRixrwX3KX962/h/Wwjteg=
github.com/yuin/goldmark v1.4.0/go.mod h1:mwnBkeHKe2W/ZEtQ+71ViKU8L12m81fl3OWwC1Zlc8k=
golang.org/x/crypto v0.0.0-20190308221718-c2843e01d9a2/go.mod h1:djNgcEr1/C05ACkg1iLfiJU5Ep61QUkGW8qpdssI0+w=
golang.org/x/crypto v0.0.0-20190510104115-cbcb75029529/go.mod h1:yigFU9vqHzYiE8UmvKecakEJjdnWj3jj499lnFckfCI=
golang.org/x/crypto v0.0.0-20191011191535-87dc89f01550/go.mod h1:yigFU9vqHzYiE8UmvKecakEJjdnWj3jj499lnFckfCI=
golang.org/x/exp v0.0.0-20190731235908-ec7cb31e5a56/go.mod h1:JhuoJpWY28nO4Vef9tZUw9qufEGTyX1+7lmHxV5q5G4=
golang.org/x/image v0.0.0-20190227222117-0694c2d4d067/go.mod h1:kZ7UVZpmo3dzQBMxlp+ypCbDeSB+sBbTgSJuh5dn5js=
golang.org/x/image v0.0.0-20190802002840-cff245a6509b/go.mod h1:FeLwcggjj3mMvU+oOTbSwawSJRM1uh48EjtB4UJZlP0=
golang.org/x/mobile v0.0.0-20190312151609-d3739f865fa6/go.mod h1:z+o9i4GpDbdi3rU15maQ/Ox0txvL9dWGYEHz965HBQE=
golang.org/x/mobile v0.0.0-20220722155234-aaac322e2105 h1:3vUV5x5+3LfQbgk7paCM6INOaJG9xXQbn79xoNkwfIk=
golang.org/x/mobile v0.0.0-20220722155234-aaac322e2105/go.mod h1:pe2sM7Uk+2Su1y7u/6Z8KJ24D7lepUjFZbhFOrmDfuQ=
golang.org/x/mod v0.1.0/go.mod h1:0QHyrYULN0/3qlju5TqG8bIK38QM8yzMo5ekMj3DlcY=
golang.org/x/mod v0.4.2 h1:Gz96sIWK3OalVv/I/qNygP42zyoKp3xptRVCWRFEBvo=
golang.org/x/mod v0.4.2/go.mod h1:s0Qsj1ACt9ePp/hMypM3fl4fZqREWJwdYDEqhRiZZUA=
golang.org/x/net v0.0.0-20190311183353-d8887717615a/go.mod h1:t9HGtf8HONx5eT2rtn7q6eTqICYqUVnKs3thJo3Qplg=
golang.org/x/net v0.0.0-20190404232315-eb5bcb51f2a3/go.mod h1:t9HGtf8HONx5eT2rtn7q6eTqICYqUVnKs3thJo3Qplg=
golang.org/x/net v0.0.0-20190620200207-3b0461eec859/go.mod h1:z5CRVTTTmAJ677TzLLGU+0bjPO0LkuOLi4/5GtJWs/s=
golang.org/x/net v0.0.0-20210805182204-aaa1db679c0d/go.mod h1:9nx3DQGgdP8bBQD5qxJ1jj9UTztislL4KSBs9R2vV5Y=
golang.org/x/sync v0.0.0-20190423024810-112230192c58/go.mod h1:RxMgew5VJxzue5/jJTE5uejpjVlOe/izrB70Jof72aM=
golang.org/x/sync v0.0.0-20210220032951-036812b2e83c/go.mod h1:RxMgew5VJxzue5/jJTE5uejpjVlOe/izrB70Jof72aM=
golang.org/x/sys v0.0.0-20190215142949-d0b11bdaac8a/go.mod h1:STP8DvDyc/dI5b8T5hshtkjS+E42TnysNCUPdjciGhY=
golang.org/x/sys v0.0.0-20190412213103-97732733099d/go.mod h1:h1NjWce9XRLGQEsW7wpKNCjG9DtNlClVuFLEZdDNbEs=
golang.org/x/sys v0.0.0-20201119102817-f84b799fce68/go.mod h1:h1NjWce9XRLGQEsW7wpKNCjG9DtNlClVuFLEZdDNbEs=
golang.org/x/sys v0.0.0-20210423082822-04245dca01da/go.mod h1:h1NjWce9XRLGQEsW7wpKNCjG9DtNlClVuFLEZdDNbEs=
golang.org/x/sys v0.0.0-20210809222454-d867a43fc93e/go.mod h1:oPkhp1MJrh7nUepCBck5+mAzfO9JrbApNNgaTdGDITg=
golang.org/x/sys v0.0.0-20220715151400-c0bba94af5f8 h1:0A+M6Uqn+Eje4kHMK80dtF3JCXC4ykBgQG4Fe06QRhQ=
golang.org/x/sys v0.0.0-20220715151400-c0bba94af5f8/go.mod h1:oPkhp1MJrh7nUepCBck5+mAzfO9JrbApNNgaTdGDITg=
golang.org/x/term v0.0.0-20201126162022-7de9c90e9dd1/go.mod h1:bj7SfCRtBDWHUb9snDiAeCFNEtKQo2Wmx5Cou7ajbmo=
golang.org/x/text v0.3.0/go.mod h1:NqM8EUOU14njkJ3fqMW+pc6Ldnwhi/IjpwHt7yyuwOQ=
golang.org/x/text v0.3.6/go.mod h1:5Zoc/QRtKVWzQhOtBMvqHzDpF6irO9z98xDceosuGiQ=
golang.org/x/tools v0.0.0-20180917221912-90fa682c2a6e/go.mod h1:n7NCudcB/nEzxVGmLbDWY5pfWTLqBcC2KZ6jyYvM4mQ=
golang.org/x/tools v0.0.0-20190312151545-0bb0c0a6e846/go.mod h1:LCzVGOaR6xXOjkQ3onu1FJEFr0SW1gC7cKk1uF8kGRs=
golang.org/x/tools v0.0.0-20191119224855-298f0cb1881e/go.mod h1:b+2E5dAYhXwXZwtnZ6UAqBI28+e2cm9otk0dWdXHAEo=
golang.org/x/tools v0.1.8-0.20211022200916-316ba0b74098 h1:YuekqPskqwCCPM79F1X5Dhv4ezTCj+Ki1oNwiafxkA0=
golang.org/x/tools v0.1.8-0.20211022200916-316ba0b74098/go.mod h1:LGqMHiF4EqQNHR1JncWGqT5BVaXmza+X+BDGol+dOxo=
golang.org/x/xerrors v0.0.0-20190717185122-a985d3407aa7/go.mod h1:I/5z698sn9Ka8TeJc9MKroUUfqBBauWjQqLJ2OPfmY0=
golang.org/x/xerrors v0.0.0-20191011141410-1b5146add898/go.mod h1:I/5z698sn9Ka8TeJc9MKroUUfqBBauWjQqLJ2OPfmY0=
golang.org/x/xerrors v0.0.0-20200804184101-5ec99f83aff1 h1:go1bK/D/BFZV2I8cIQd1NKEZ+0owSTG1fDTci4IqFcE=
golang.org/x/xerrors v0.0.0-20200804184101-5ec99f83aff1/go.mod h1:I/5z698sn9Ka8TeJc9MKroUUfqBBauWjQqLJ2OPfmY0=
gopkg.in/check.v1 v0.0.0-20161208181325-20d25e280405/go.mod h1:Co6ibVJAznAaIkqp8huTwlJQCZ016jof/cbN4VW5Yz0=
gopkg.in/check.v1 v1.0.0-20180628173108-788fd7840127/go.mod h1:Co6ibVJAznAaIkqp8huTwlJQCZ016jof/cbN4VW5Yz0=
gopkg.in/check.v1 v1.0.0-20201130134442-10cb98267c6c h1:Hei/4ADfdWqJk1ZMxUNpqntNwaWcugrBjAiHlqqRiVk=
gopkg.in/errgo.v2 v2.1.0/go.mod h1:hNsd1EY+bozCKY1Ytp96fpM3vjJbqLJn88ws8XvfDNI=
gopkg.in/yaml.v3 v3.0.0-20200313102051-9f266ea9e77c h1:dUUwHk2QECo/6vqA44rthZ8ie2QXMNeKRTHCNY2nXvo=
gopkg.in/yaml.v3 v3.0.0-20200313102051-9f266ea9e77c/go.mod h1:K4uyk7z7BCEPqu6E+C64Yfv1cQ7kz7rIZviUmN+EgEM=
